
Microsoft Visual Studio Solution File, Format Version 12.00
# Visual Studio Version 16
VisualStudioVersion = 16.0.32106.194
MinimumVisualStudioVersion = 10.0.40219.1
Project("{FAE04EC0-301F-11D3-BF4B-00C04F79EFBC}") = "GreatQuotes.UWP", "GreatQuotes\GreatQuotes.UWP\GreatQuotes.UWP.csproj", "{3A7673FF-FC4E-498D-8894-197B351C32CF}"
EndProject
Project("{FAE04EC0-301F-11D3-BF4B-00C04F79EFBC}") = "GreatQuotes.Android", "GreatQuotes\GreatQuotes.Android\GreatQuotes.Android.csproj", "{87E5AB11-5581-4FF2-AEB3-1F8BD2B35EF8}"
EndProject
Project("{FAE04EC0-301F-11D3-BF4B-00C04F79EFBC}") = "GreatQuotes.iOS", "GreatQuotes\GreatQuotes.iOS\GreatQuotes.iOS.csproj", "{E99A7E3F-C86F-4D24-8B6A-28944542E8C9}"
EndProject
Project("{FAE04EC0-301F-11D3-BF4B-00C04F79EFBC}") = "GreatQuotes", "GreatQuotes\GreatQuotes\GreatQuotes.csproj", "{477C61CC-78FC-4B29-8328-74E60083BFAE}"
EndProject
Project("{D954291E-2A0B-460D-934E-DC6B0785DB48}") = "GreatQuotes.Data", "GreatQuotes.Data\GreatQuotes.Data.shproj", "{10C32D55-553E-4D84-ABCE-76E2848E5203}"
EndProject
Global
	GlobalSection(SharedMSBuildProjectFiles) = preSolution
		GreatQuotes.Data\GreatQuotes.Data.projitems*{10c32d55-553e-4d84-abce-76e2848e5203}*SharedItemsImports = 13
		GreatQuotes.Data\GreatQuotes.Data.projitems*{3a7673ff-fc4e-498d-8894-197b351c32cf}*SharedItemsImports = 4
		GreatQuotes.Data\GreatQuotes.Data.projitems*{87e5ab11-5581-4ff2-aeb3-1f8bd2b35ef8}*SharedItemsImports = 4
		GreatQuotes.Data\GreatQuotes.Data.projitems*{e99a7e3f-c86f-4d24-8b6a-28944542e8c9}*SharedItemsImports = 4
	EndGlobalSection
	GlobalSection(SolutionConfigurationPlatforms) = preSolution
		Debug|Any CPU = Debug|Any CPU
		Debug|ARM = Debug|ARM
		Debug|iPhone = Debug|iPhone
		Debug|iPhoneSimulator = Debug|iPhoneSimulator
		Debug|x64 = Debug|x64
		Debug|x86 = Debug|x86
		Release|Any CPU = Release|Any CPU
		Release|ARM = Release|ARM
		Release|iPhone = Release|iPhone
		Release|iPhoneSimulator = Release|iPhoneSimulator
		Release|x64 = Release|x64
		Release|x86 = Release|x86
	EndGlobalSection
	GlobalSection(ProjectConfigurationPlatforms) = postSolution
		{3A7673FF-FC4E-498D-8894-197B351C32CF}.Debug|Any CPU.ActiveCfg = Debug|x86
		{3A7673FF-FC4E-498D-8894-197B351C32CF}.Debug|Any CPU.Build.0 = Debug|x86
		{3A7673FF-FC4E-498D-8894-197B351C32CF}.Debug|Any CPU.Deploy.0 = Debug|x86
		{3A7673FF-FC4E-498D-8894-197B351C32CF}.Debug|ARM.ActiveCfg = Debug|ARM
		{3A7673FF-FC4E-498D-8894-197B351C32CF}.Debug|ARM.Build.0 = Debug|ARM
		{3A7673FF-FC4E-498D-8894-197B351C32CF}.Debug|ARM.Deploy.0 = Debug|ARM
		{3A7673FF-FC4E-498D-8894-197B351C32CF}.Debug|iPhone.ActiveCfg = Debug|x86
		{3A7673FF-FC4E-498D-8894-197B351C32CF}.Debug|iPhone.Build.0 = Debug|x86
		{3A7673FF-FC4E-498D-8894-197B351C32CF}.Debug|iPhone.Deploy.0 = Debug|x86
		{3A7673FF-FC4E-498D-8894-197B351C32CF}.Debug|iPhoneSimulator.ActiveCfg = Debug|x86
		{3A7673FF-FC4E-498D-8894-197B351C32CF}.Debug|iPhoneSimulator.Build.0 = Debug|x86
		{3A7673FF-FC4E-498D-8894-197B351C32CF}.Debug|iPhoneSimulator.Deploy.0 = Debug|x86
		{3A7673FF-FC4E-498D-8894-197B351C32CF}.Debug|x64.ActiveCfg = Debug|x64
		{3A7673FF-FC4E-498D-8894-197B351C32CF}.Debug|x64.Build.0 = Debug|x64
		{3A7673FF-FC4E-498D-8894-197B351C32CF}.Debug|x64.Deploy.0 = Debug|x64
		{3A7673FF-FC4E-498D-8894-197B351C32CF}.Debug|x86.ActiveCfg = Debug|x86
		{3A7673FF-FC4E-498D-8894-197B351C32CF}.Debug|x86.Build.0 = Debug|x86
		{3A7673FF-FC4E-498D-8894-197B351C32CF}.Debug|x86.Deploy.0 = Debug|x86
		{3A7673FF-FC4E-498D-8894-197B351C32CF}.Release|Any CPU.ActiveCfg = Release|x86
		{3A7673FF-FC4E-498D-8894-197B351C32CF}.Release|Any CPU.Build.0 = Release|x86
		{3A7673FF-FC4E-498D-8894-197B351C32CF}.Release|Any CPU.Deploy.0 = Release|x86
		{3A7673FF-FC4E-498D-8894-197B351C32CF}.Release|ARM.ActiveCfg = Release|ARM
		{3A7673FF-FC4E-498D-8894-197B351C32CF}.Release|ARM.Build.0 = Release|ARM
		{3A7673FF-FC4E-498D-8894-197B351C32CF}.Release|ARM.Deploy.0 = Release|ARM
		{3A7673FF-FC4E-498D-8894-197B351C32CF}.Release|iPhone.ActiveCfg = Release|x86
		{3A7673FF-FC4E-498D-8894-197B351C32CF}.Release|iPhone.Build.0 = Release|x86
		{3A7673FF-FC4E-498D-8894-197B351C32CF}.Release|iPhone.Deploy.0 = Release|x86
		{3A7673FF-FC4E-498D-8894-197B351C32CF}.Release|iPhoneSimulator.ActiveCfg = Release|x86
		{3A7673FF-FC4E-498D-8894-197B351C32CF}.Release|iPhoneSimulator.Build.0 = Release|x86
		{3A7673FF-FC4E-498D-8894-197B351C32CF}.Release|iPhoneSimulator.Deploy.0 = Release|x86
		{3A7673FF-FC4E-498D-8894-197B351C32CF}.Release|x64.ActiveCfg = Release|x64
		{3A7673FF-FC4E-498D-8894-197B351C32CF}.Release|x64.Build.0 = Release|x64
		{3A7673FF-FC4E-498D-8894-197B351C32CF}.Release|x64.Deploy.0 = Release|x64
		{3A7673FF-FC4E-498D-8894-197B351C32CF}.Release|x86.ActiveCfg = Release|x86
		{3A7673FF-FC4E-498D-8894-197B351C32CF}.Release|x86.Build.0 = Release|x86
		{3A7673FF-FC4E-498D-8894-197B351C32CF}.Release|x86.Deploy.0 = Release|x86
		{87E5AB11-5581-4FF2-AEB3-1F8BD2B35EF8}.Debug|Any CPU.ActiveCfg = Debug|Any CPU
		{87E5AB11-5581-4FF2-AEB3-1F8BD2B35EF8}.Debug|Any CPU.Build.0 = Debug|Any CPU
		{87E5AB11-5581-4FF2-AEB3-1F8BD2B35EF8}.Debug|Any CPU.Deploy.0 = Debug|Any CPU
		{87E5AB11-5581-4FF2-AEB3-1F8BD2B35EF8}.Debug|ARM.ActiveCfg = Debug|Any CPU
		{87E5AB11-5581-4FF2-AEB3-1F8BD2B35EF8}.Debug|ARM.Build.0 = Debug|Any CPU
		{87E5AB11-5581-4FF2-AEB3-1F8BD2B35EF8}.Debug|ARM.Deploy.0 = Debug|Any CPU
		{87E5AB11-5581-4FF2-AEB3-1F8BD2B35EF8}.Debug|iPhone.ActiveCfg = Debug|Any CPU
		{87E5AB11-5581-4FF2-AEB3-1F8BD2B35EF8}.Debug|iPhone.Build.0 = Debug|Any CPU
		{87E5AB11-5581-4FF2-AEB3-1F8BD2B35EF8}.Debug|iPhone.Deploy.0 = Debug|Any CPU
		{87E5AB11-5581-4FF2-AEB3-1F8BD2B35EF8}.Debug|iPhoneSimulator.ActiveCfg = Debug|Any CPU
		{87E5AB11-5581-4FF2-AEB3-1F8BD2B35EF8}.Debug|iPhoneSimulator.Build.0 = Debug|Any CPU
		{87E5AB11-5581-4FF2-AEB3-1F8BD2B35EF8}.Debug|iPhoneSimulator.Deploy.0 = Debug|Any CPU
		{87E5AB11-5581-4FF2-AEB3-1F8BD2B35EF8}.Debug|x64.ActiveCfg = Debug|Any CPU
		{87E5AB11-5581-4FF2-AEB3-1F8BD2B35EF8}.Debug|x64.Build.0 = Debug|Any CPU
		{87E5AB11-5581-4FF2-AEB3-1F8BD2B35EF8}.Debug|x64.Deploy.0 = Debug|Any CPU
		{87E5AB11-5581-4FF2-AEB3-1F8BD2B35EF8}.Debug|x86.ActiveCfg = Debug|Any CPU
		{87E5AB11-5581-4FF2-AEB3-1F8BD2B35EF8}.Debug|x86.Build.0 = Debug|Any CPU
		{87E5AB11-5581-4FF2-AEB3-1F8BD2B35EF8}.Debug|x86.Deploy.0 = Debug|Any CPU
		{87E5AB11-5581-4FF2-AEB3-1F8BD2B35EF8}.Release|Any CPU.ActiveCfg = Release|Any CPU
		{87E5AB11-5581-4FF2-AEB3-1F8BD2B35EF8}.Release|Any CPU.Build.0 = Release|Any CPU
		{87E5AB11-5581-4FF2-AEB3-1F8BD2B35EF8}.Release|Any CPU.Deploy.0 = Release|Any CPU
		{87E5AB11-5581-4FF2-AEB3-1F8BD2B35EF8}.Release|ARM.ActiveCfg = Release|Any CPU
		{87E5AB11-5581-4FF2-AEB3-1F8BD2B35EF8}.Release|ARM.Build.0 = Release|Any CPU
		{87E5AB11-5581-4FF2-AEB3-1F8BD2B35EF8}.Release|ARM.Deploy.0 = Release|Any CPU
		{87E5AB11-5581-4FF2-AEB3-1F8BD2B35EF8}.Release|iPhone.ActiveCfg = Release|Any CPU
		{87E5AB11-5581-4FF2-AEB3-1F8BD2B35EF8}.Release|iPhone.Build.0 = Release|Any CPU
		{87E5AB11-5581-4FF2-AEB3-1F8BD2B35EF8}.Release|iPhone.Deploy.0 = Release|Any CPU
		{87E5AB11-5581-4FF2-AEB3-1F8BD2B35EF8}.Release|iPhoneSimulator.ActiveCfg = Release|Any CPU
		{87E5AB11-5581-4FF2-AEB3-1F8BD2B35EF8}.Release|iPhoneSimulator.Build.0 = Release|Any CPU
		{87E5AB11-5581-4FF2-AEB3-1F8BD2B35EF8}.Release|iPhoneSimulator.Deploy.0 = Release|Any CPU
		{87E5AB11-5581-4FF2-AEB3-1F8BD2B35EF8}.Release|x64.ActiveCfg = Release|Any CPU
		{87E5AB11-5581-4FF2-AEB3-1F8BD2B35EF8}.Release|x64.Build.0 = Release|Any CPU
		{87E5AB11-5581-4FF2-AEB3-1F8BD2B35EF8}.Release|x64.Deploy.0 = Release|Any CPU
		{87E5AB11-5581-4FF2-AEB3-1F8BD2B35EF8}.Release|x86.ActiveCfg = Release|Any CPU
		{87E5AB11-5581-4FF2-AEB3-1F8BD2B35EF8}.Release|x86.Build.0 = Release|Any CPU
		{87E5AB11-5581-4FF2-AEB3-1F8BD2B35EF8}.Release|x86.Deploy.0 = Release|Any CPU
		{E99A7E3F-C86F-4D24-8B6A-28944542E8C9}.Debug|Any CPU.ActiveCfg = Debug|iPhoneSimulator
		{E99A7E3F-C86F-4D24-8B6A-28944542E8C9}.Debug|Any CPU.Build.0 = Debug|iPhoneSimulator
		{E99A7E3F-C86F-4D24-8B6A-28944542E8C9}.Debug|Any CPU.Deploy.0 = Debug|iPhoneSimulator
		{E99A7E3F-C86F-4D24-8B6A-28944542E8C9}.Debug|ARM.ActiveCfg = Debug|iPhone
		{E99A7E3F-C86F-4D24-8B6A-28944542E8C9}.Debug|ARM.Build.0 = Debug|iPhone
		{E99A7E3F-C86F-4D24-8B6A-28944542E8C9}.Debug|ARM.Deploy.0 = Debug|iPhone
		{E99A7E3F-C86F-4D24-8B6A-28944542E8C9}.Debug|iPhone.ActiveCfg = Debug|iPhone
		{E99A7E3F-C86F-4D24-8B6A-28944542E8C9}.Debug|iPhone.Build.0 = Debug|iPhone
		{E99A7E3F-C86F-4D24-8B6A-28944542E8C9}.Debug|iPhone.Deploy.0 = Debug|iPhone
		{E99A7E3F-C86F-4D24-8B6A-28944542E8C9}.Debug|iPhoneSimulator.ActiveCfg = Debug|iPhoneSimulator
		{E99A7E3F-C86F-4D24-8B6A-28944542E8C9}.Debug|iPhoneSimulator.Build.0 = Debug|iPhoneSimulator
		{E99A7E3F-C86F-4D24-8B6A-28944542E8C9}.Debug|iPhoneSimulator.Deploy.0 = Debug|iPhoneSimulator
		{E99A7E3F-C86F-4D24-8B6A-28944542E8C9}.Debug|x64.ActiveCfg = Debug|iPhoneSimulator
		{E99A7E3F-C86F-4D24-8B6A-28944542E8C9}.Debug|x64.Build.0 = Debug|iPhoneSimulator
		{E99A7E3F-C86F-4D24-8B6A-28944542E8C9}.Debug|x64.Deploy.0 = Debug|iPhoneSimulator
		{E99A7E3F-C86F-4D24-8B6A-28944542E8C9}.Debug|x86.ActiveCfg = Debug|iPhoneSimulator
		{E99A7E3F-C86F-4D24-8B6A-28944542E8C9}.Debug|x86.Build.0 = Debug|iPhoneSimulator
		{E99A7E3F-C86F-4D24-8B6A-28944542E8C9}.Debug|x86.Deploy.0 = Debug|iPhoneSimulator
		{E99A7E3F-C86F-4D24-8B6A-28944542E8C9}.Release|Any CPU.ActiveCfg = Release|iPhoneSimulator
		{E99A7E3F-C86F-4D24-8B6A-28944542E8C9}.Release|Any CPU.Build.0 = Release|iPhoneSimulator
		{E99A7E3F-C86F-4D24-8B6A-28944542E8C9}.Release|Any CPU.Deploy.0 = Release|iPhoneSimulator
		{E99A7E3F-C86F-4D24-8B6A-28944542E8C9}.Release|ARM.ActiveCfg = Release|iPhoneSimulator
		{E99A7E3F-C86F-4D24-8B6A-28944542E8C9}.Release|ARM.Build.0 = Release|iPhoneSimulator
		{E99A7E3F-C86F-4D24-8B6A-28944542E8C9}.Release|ARM.Deploy.0 = Release|iPhoneSimulator
		{E99A7E3F-C86F-4D24-8B6A-28944542E8C9}.Release|iPhone.ActiveCfg = Release|iPhone
		{E99A7E3F-C86F-4D24-8B6A-28944542E8C9}.Release|iPhone.Build.0 = Release|iPhone
		{E99A7E3F-C86F-4D24-8B6A-28944542E8C9}.Release|iPhone.Deploy.0 = Release|iPhone
		{E99A7E3F-C86F-4D24-8B6A-28944542E8C9}.Release|iPhoneSimulator.ActiveCfg = Release|iPhoneSimulator
		{E99A7E3F-C86F-4D24-8B6A-28944542E8C9}.Release|iPhoneSimulator.Build.0 = Release|iPhoneSimulator
		{E99A7E3F-C86F-4D24-8B6A-28944542E8C9}.Release|iPhoneSimulator.Deploy.0 = Release|iPhoneSimulator
		{E99A7E3F-C86F-4D24-8B6A-28944542E8C9}.Release|x64.ActiveCfg = Release|iPhoneSimulator
		{E99A7E3F-C86F-4D24-8B6A-28944542E8C9}.Release|x64.Build.0 = Release|iPhoneSimulator
		{E99A7E3F-C86F-4D24-8B6A-28944542E8C9}.Release|x64.Deploy.0 = Release|iPhoneSimulator
		{E99A7E3F-C86F-4D24-8B6A-28944542E8C9}.Release|x86.ActiveCfg = Release|iPhoneSimulator
		{E99A7E3F-C86F-4D24-8B6A-28944542E8C9}.Release|x86.Build.0 = Release|iPhoneSimulator
		{E99A7E3F-C86F-4D24-8B6A-28944542E8C9}.Release|x86.Deploy.0 = Release|iPhoneSimulator
		{477C61CC-78FC-4B29-8328-74E60083BFAE}.Debug|Any CPU.ActiveCfg = Debug|Any CPU
		{477C61CC-78FC-4B29-8328-74E60083BFAE}.Debug|Any CPU.Build.0 = Debug|Any CPU
		{477C61CC-78FC-4B29-8328-74E60083BFAE}.Debug|Any CPU.Deploy.0 = Debug|Any CPU
		{477C61CC-78FC-4B29-8328-74E60083BFAE}.Debug|ARM.ActiveCfg = Debug|Any CPU
		{477C61CC-78FC-4B29-8328-74E60083BFAE}.Debug|ARM.Build.0 = Debug|Any CPU
		{477C61CC-78FC-4B29-8328-74E60083BFAE}.Debug|ARM.Deploy.0 = Debug|Any CPU
		{477C61CC-78FC-4B29-8328-74E60083BFAE}.Debug|iPhone.ActiveCfg = Debug|Any CPU
		{477C61CC-78FC-4B29-8328-74E60083BFAE}.Debug|iPhone.Build.0 = Debug|Any CPU
		{477C61CC-78FC-4B29-8328-74E60083BFAE}.Debug|iPhone.Deploy.0 = Debug|Any CPU
		{477C61CC-78FC-4B29-8328-74E60083BFAE}.Debug|iPhoneSimulator.ActiveCfg = Debug|Any CPU
		{477C61CC-78FC-4B29-8328-74E60083BFAE}.Debug|iPhoneSimulator.Build.0 = Debug|Any CPU
		{477C61CC-78FC-4B29-8328-74E60083BFAE}.Debug|iPhoneSimulator.Deploy.0 = Debug|Any CPU
		{477C61CC-78FC-4B29-8328-74E60083BFAE}.Debug|x64.ActiveCfg = Debug|Any CPU
		{477C61CC-78FC-4B29-8328-74E60083BFAE}.Debug|x64.Build.0 = Debug|Any CPU
		{477C61CC-78FC-4B29-8328-74E60083BFAE}.Debug|x64.Deploy.0 = Debug|Any CPU
		{477C61CC-78FC-4B29-8328-74E60083BFAE}.Debug|x86.ActiveCfg = Debug|Any CPU
		{477C61CC-78FC-4B29-8328-74E60083BFAE}.Debug|x86.Build.0 = Debug|Any CPU
		{477C61CC-78FC-4B29-8328-74E60083BFAE}.Debug|x86.Deploy.0 = Debug|Any CPU
		{477C61CC-78FC-4B29-8328-74E60083BFAE}.Release|Any CPU.ActiveCfg = Release|Any CPU
		{477C61CC-78FC-4B29-8328-74E60083BFAE}.Release|Any CPU.Build.0 = Release|Any CPU
		{477C61CC-78FC-4B29-8328-74E60083BFAE}.Release|Any CPU.Deploy.0 = Release|Any CPU
		{477C61CC-78FC-4B29-8328-74E60083BFAE}.Release|ARM.ActiveCfg = Release|Any CPU
		{477C61CC-78FC-4B29-8328-74E60083BFAE}.Release|ARM.Build.0 = Release|Any CPU
		{477C61CC-78FC-4B29-8328-74E60083BFAE}.Release|ARM.Deploy.0 = Release|Any CPU
		{477C61CC-78FC-4B29-8328-74E60083BFAE}.Release|iPhone.ActiveCfg = Release|Any CPU
		{477C61CC-78FC-4B29-8328-74E60083BFAE}.Release|iPhone.Build.0 = Release|Any CPU
		{477C61CC-78FC-4B29-8328-74E60083BFAE}.Release|iPhone.Deploy.0 = Release|Any CPU
		{477C61CC-78FC-4B29-8328-74E60083BFAE}.Release|iPhoneSimulator.ActiveCfg = Release|Any CPU
		{477C61CC-78FC-4B29-8328-74E60083BFAE}.Release|iPhoneSimulator.Build.0 = Release|Any CPU
		{477C61CC-78FC-4B29-8328-74E60083BFAE}.Release|iPhoneSimulator.Deploy.0 = Release|Any CPU
		{477C61CC-78FC-4B29-8328-74E60083BFAE}.Release|x64.ActiveCfg = Release|Any CPU
		{477C61CC-78FC-4B29-8328-74E60083BFAE}.Release|x64.Build.0 = Release|Any CPU
		{477C61CC-78FC-4B29-8328-74E60083BFAE}.Release|x64.Deploy.0 = Release|Any CPU
		{477C61CC-78FC-4B29-8328-74E60083BFAE}.Release|x86.ActiveCfg = Release|Any CPU
		{477C61CC-78FC-4B29-8328-74E60083BFAE}.Release|x86.Build.0 = Release|Any CPU
		{477C61CC-78FC-4B29-8328-74E60083BFAE}.Release|x86.Deploy.0 = Release|Any CPU
	EndGlobalSection
	GlobalSection(SolutionProperties) = preSolution
		HideSolutionNode = FALSE
	EndGlobalSection
	GlobalSection(ExtensibilityGlobals) = postSolution
		SolutionGuid = {B3455442-2B58-4DFA-A921-34214D7303B0}
	EndGlobalSection
EndGlobal
